
Microsoft Visual Studio Solution File, Format Version 12.00
# Visual Studio Version 17
VisualStudioVersion = 17.14.36414.22
MinimumVisualStudioVersion = 10.0.40219.1
Project("{2150E333-8FDC-42A3-9474-1A3956D46DE8}") = "Task0", "Task0", "{02EA681E-C7D8-13C7-8484-4AC65E1B71E8}"
EndProject
Project("{FAE04EC0-301F-11D3-BF4B-00C04F79EFBC}") = "Tyuiu.ChetvertnyhAI.Sprint2.Task0.V2", "Tyuiu.ChetvertnyhAI.Sprint2.Task0.V2\Tyuiu.ChetvertnyhAI.Sprint2.Task0.V2.csproj", "{8ADD80BF-77C2-4C12-A13E-149163F59534}"
EndProject
Project("{FAE04EC0-301F-11D3-BF4B-00C04F79EFBC}") = "Tyuiu.ChetvertnyhAI.Sprint2.Task0.V2.Lib", "Tyuiu.ChetvertnyhAI.Sprint2.Task0.V2.Lib\Tyuiu.ChetvertnyhAI.Sprint2.Task0.V2.Lib.csproj", "{8272E669-3F1A-46F7-B036-DE151FD6EB3F}"
EndProject
Project("{FAE04EC0-301F-11D3-BF4B-00C04F79EFBC}") = "Tyuiu.ChetvertnyhAI.Sprint2.Task0.V2.Test", "Tyuiu.ChetvertnyhAI.Sprint2.Task0.V2.Test\Tyuiu.ChetvertnyhAI.Sprint2.Task0.V2.Test.csproj", "{21B22D38-7A34-45A4-ADBB-AC0069A2C617}"
EndProject
Global
	GlobalSection(SolutionConfigurationPlatforms) = preSolution
		Debug|Any CPU = Debug|Any CPU
		Release|Any CPU = Release|Any CPU
	EndGlobalSection
	GlobalSection(ProjectConfigurationPlatforms) = postSolution
		{8ADD80BF-77C2-4C12-A13E-149163F59534}.Debug|Any CPU.ActiveCfg = Debug|Any CPU
		{8ADD80BF-77C2-4C12-A13E-149163F59534}.Debug|Any CPU.Build.0 = Debug|Any CPU
		{8ADD80BF-77C2-4C12-A13E-149163F59534}.Release|Any CPU.ActiveCfg = Release|Any CPU
		{8ADD80BF-77C2-4C12-A13E-149163F59534}.Release|Any CPU.Build.0 = Release|Any CPU
		{8272E669-3F1A-46F7-B036-DE151FD6EB3F}.Debug|Any CPU.ActiveCfg = Debug|Any CPU
		{8272E669-3F1A-46F7-B036-DE151FD6EB3F}.Debug|Any CPU.Build.0 = Debug|Any CPU
		{8272E669-3F1A-46F7-B036-DE151FD6EB3F}.Release|Any CPU.ActiveCfg = Release|Any CPU
		{8272E669-3F1A-46F7-B036-DE151FD6EB3F}.Release|Any CPU.Build.0 = Release|Any CPU
		{21B22D38-7A34-45A4-ADBB-AC0069A2C617}.Debug|Any CPU.ActiveCfg = Debug|Any CPU
		{21B22D38-7A34-45A4-ADBB-AC0069A2C617}.Debug|Any CPU.Build.0 = Debug|Any CPU
		{21B22D38-7A34-45A4-ADBB-AC0069A2C617}.Release|Any CPU.ActiveCfg = Release|Any CPU
		{21B22D38-7A34-45A4-ADBB-AC0069A2C617}.Release|Any CPU.Build.0 = Release|Any CPU
	EndGlobalSection
	GlobalSection(SolutionProperties) = preSolution
		HideSolutionNode = FALSE
	EndGlobalSection
	GlobalSection(NestedProjects) = preSolution
		{8ADD80BF-77C2-4C12-A13E-149163F59534} = {02EA681E-C7D8-13C7-8484-4AC65E1B71E8}
		{8272E669-3F1A-46F7-B036-DE151FD6EB3F} = {02EA681E-C7D8-13C7-8484-4AC65E1B71E8}
		{21B22D38-7A34-45A4-ADBB-AC0069A2C617} = {02EA681E-C7D8-13C7-8484-4AC65E1B71E8}
	EndGlobalSection
	GlobalSection(ExtensibilityGlobals) = postSolution
		SolutionGuid = {AE71F6BF-E00D-44AC-8087-27B1C6ADD9D5}
	EndGlobalSection
EndGlobal
