
Microsoft Visual Studio Solution File, Format Version 12.00
# Visual Studio Version 17
VisualStudioVersion = 17.14.36414.22
MinimumVisualStudioVersion = 10.0.40219.1
Project("{2150E333-8FDC-42A3-9474-1A3956D46DE8}") = "Task0", "Task0", "{02EA681E-C7D8-13C7-8484-4AC65E1B71E8}"
EndProject
Project("{FAE04EC0-301F-11D3-BF4B-00C04F79EFBC}") = "Tyuiu.ChetvertnyhAI.Sprint2.Task0.V2", "Tyuiu.ChetvertnyhAI.Sprint2.Task0.V2\Tyuiu.ChetvertnyhAI.Sprint2.Task0.V2.csproj", "{8ADD80BF-77C2-4C12-A13E-149163F59534}"
EndProject
Project("{FAE04EC0-301F-11D3-BF4B-00C04F79EFBC}") = "Tyuiu.ChetvertnyhAI.Sprint2.Task0.V2.Lib", "Tyuiu.ChetvertnyhAI.Sprint2.Task0.V2.Lib\Tyuiu.ChetvertnyhAI.Sprint2.Task0.V2.Lib.csproj", "{8272E669-3F1A-46F7-B036-DE151FD6EB3F}"
EndProject
Project("{FAE04EC0-301F-11D3-BF4B-00C04F79EFBC}") = "Tyuiu.ChetvertnyhAI.Sprint2.Task0.V2.Test", "Tyuiu.ChetvertnyhAI.Sprint2.Task0.V2.Test\Tyuiu.ChetvertnyhAI.Sprint2.Task0.V2.Test.csproj", "{21B22D38-7A34-45A4-ADBB-AC0069A2C617}"
EndProject
Project("{2150E333-8FDC-42A3-9474-1A3956D46DE8}") = "Task1", "Task1", "{CCDAEDE5-19F7-4E7C-80D3-875BACC8EB37}"
EndProject
Project("{FAE04EC0-301F-11D3-BF4B-00C04F79EFBC}") = "Tyuiu.ChetvertnyhAI.Sprint2.Task1.V12", "Tyuiu.ChetvertnyhAI.Sprint2.Task1.V12\Tyuiu.ChetvertnyhAI.Sprint2.Task1.V12.csproj", "{30EB1718-0105-4C4B-96C6-F0A2E2ADA337}"
EndProject
Project("{FAE04EC0-301F-11D3-BF4B-00C04F79EFBC}") = "Tyuiu.ChetvertnyhAI.Sprint2.Task1.V12.Lib", "Tyuiu.ChetvertnyhAI.Sprint2.Task1.V12.Lib\Tyuiu.ChetvertnyhAI.Sprint2.Task1.V12.Lib.csproj", "{46B91764-586B-409E-B3FD-221D872FE2BC}"
EndProject
Project("{FAE04EC0-301F-11D3-BF4B-00C04F79EFBC}") = "Tyuiu.ChetvertnyhAI.Sprint2.Task1.V12.Test", "Tyuiu.ChetvertnyhAI.Sprint2.Task1.V12.Test\Tyuiu.ChetvertnyhAI.Sprint2.Task1.V12.Test.csproj", "{9DAAE7AE-C14F-4585-9A83-15EC9ABB5694}"
EndProject
Project("{2150E333-8FDC-42A3-9474-1A3956D46DE8}") = "Task2", "Task2", "{6AB2569A-82AB-41E0-8F5F-573059D14612}"
EndProject
Project("{FAE04EC0-301F-11D3-BF4B-00C04F79EFBC}") = "Tyuiu.ChetvertnyhAI.Sprint2.Task2.V12", "Tyuiu.ChetvertnyhAI.Sprint2.Task2.V12\Tyuiu.ChetvertnyhAI.Sprint2.Task2.V12.csproj", "{0D545F5F-DAB5-4219-AD45-E18313FEEC76}"
EndProject
Project("{FAE04EC0-301F-11D3-BF4B-00C04F79EFBC}") = "Tyuiu.ChetvertnyhAI.Sprint2.Task2.V12.Lib", "Tyuiu.ChetvertnyhAI.Sprint2.Task2.V12.Lib\Tyuiu.ChetvertnyhAI.Sprint2.Task2.V12.Lib.csproj", "{1CD16806-B796-4FCF-A0E2-BA0FB1492BAA}"
EndProject
Project("{FAE04EC0-301F-11D3-BF4B-00C04F79EFBC}") = "Tyuiu.ChetvertnyhAI.Sprint2.Task2.V12.Test", "Tyuiu.ChetvertnyhAI.Sprint2.Task2.V12.Test\Tyuiu.ChetvertnyhAI.Sprint2.Task2.V12.Test.csproj", "{83D340A4-7C34-485D-8D3C-0329144062FB}"
EndProject
Project("{2150E333-8FDC-42A3-9474-1A3956D46DE8}") = "Task3", "Task3", "{A638EE36-F202-4F89-A4FA-C047C53AC4E8}"
EndProject
Project("{FAE04EC0-301F-11D3-BF4B-00C04F79EFBC}") = "Tyuiu.ChetvertnyhAI.Sprint2.Task3.V17", "Tyuiu.ChetvertnyhAI.Sprint2.Task3.V17\Tyuiu.ChetvertnyhAI.Sprint2.Task3.V17.csproj", "{3B166851-C8F6-4B58-B690-0BDE9FC33433}"
EndProject
Project("{FAE04EC0-301F-11D3-BF4B-00C04F79EFBC}") = "Tyuiu.ChetvertnyhAI.Sprint2.Task3.V17.Lib", "Tyuiu.ChetvertnyhAI.Sprint2.Task3.V17.Lib\Tyuiu.ChetvertnyhAI.Sprint2.Task3.V17.Lib.csproj", "{F8E283CB-9BE5-4C7F-80A1-BADE41683F2C}"
EndProject
Project("{FAE04EC0-301F-11D3-BF4B-00C04F79EFBC}") = "Tyuiu.ChetvertnyhAI.Sprint2.Task3.V17.Test", "Tyuiu.ChetvertnyhAI.Sprint2.Task3.V17.Test\Tyuiu.ChetvertnyhAI.Sprint2.Task3.V17.Test.csproj", "{BED98F0F-B772-4F86-AB3A-B665607D6138}"
EndProject
Project("{2150E333-8FDC-42A3-9474-1A3956D46DE8}") = "Task4", "Task4", "{8CE30784-5176-4BBF-BB57-593C9AF1CAE3}"
EndProject
Project("{FAE04EC0-301F-11D3-BF4B-00C04F79EFBC}") = "Tyuiu.ChetvertnyhAI.Sprint2.Task4.V22", "Tyuiu.ChetvertnyhAI.Sprint2.Task4.V22\Tyuiu.ChetvertnyhAI.Sprint2.Task4.V22.csproj", "{21F35D98-6321-4ED5-9B64-909C896EB3C9}"
EndProject
Project("{FAE04EC0-301F-11D3-BF4B-00C04F79EFBC}") = "Tyuiu.ChetvertnyhAI.Sprint2.Task4.V22.Lib", "Tyuiu.ChetvertnyhAI.Sprint2.Task4.V22.Lib\Tyuiu.ChetvertnyhAI.Sprint2.Task4.V22.Lib.csproj", "{218B282E-CA5A-4DAA-A5F8-357AFD4E800E}"
EndProject
Project("{FAE04EC0-301F-11D3-BF4B-00C04F79EFBC}") = "Tyuiu.ChetvertnyhAI.Sprint2.Task4.V22.Test", "Tyuiu.ChetvertnyhAI.Sprint2.Task4.V22.Test\Tyuiu.ChetvertnyhAI.Sprint2.Task4.V22.Test.csproj", "{1755C58D-1388-48F1-ACC5-802415CB381B}"
EndProject
Project("{2150E333-8FDC-42A3-9474-1A3956D46DE8}") = "Task5", "Task5", "{C29E8C66-7F78-431E-B493-B35F378ABB90}"
EndProject
Project("{FAE04EC0-301F-11D3-BF4B-00C04F79EFBC}") = "Tyuiu.ChetvertnyhAI.Sprint2.Task5.V8", "Tyuiu.ChetvertnyhAI.Sprint2.Task5.V8\Tyuiu.ChetvertnyhAI.Sprint2.Task5.V8.csproj", "{CBF0461C-A73C-4069-905C-5F63AA8CDD48}"
EndProject
Project("{FAE04EC0-301F-11D3-BF4B-00C04F79EFBC}") = "Tyuiu.ChetvertnyhAI.Sprint2.Task5.V8.Lib", "Tyuiu.ChetvertnyhAI.Sprint2.Task5.V8.Lib\Tyuiu.ChetvertnyhAI.Sprint2.Task5.V8.Lib.csproj", "{FED77D8C-8F47-410B-938C-AFA29C8EAAA1}"
EndProject
Project("{FAE04EC0-301F-11D3-BF4B-00C04F79EFBC}") = "Tyuiu.ChetvertnyhAI.Sprint2.Task5.V8.Test", "Tyuiu.ChetvertnyhAI.Sprint2.Task5.V8.Test\Tyuiu.ChetvertnyhAI.Sprint2.Task5.V8.Test.csproj", "{DA0BAA58-2ABC-4AEA-BF7E-B661CE0427E4}"
EndProject
Global
	GlobalSection(SolutionConfigurationPlatforms) = preSolution
		Debug|Any CPU = Debug|Any CPU
		Release|Any CPU = Release|Any CPU
	EndGlobalSection
	GlobalSection(ProjectConfigurationPlatforms) = postSolution
		{8ADD80BF-77C2-4C12-A13E-149163F59534}.Debug|Any CPU.ActiveCfg = Debug|Any CPU
		{8ADD80BF-77C2-4C12-A13E-149163F59534}.Debug|Any CPU.Build.0 = Debug|Any CPU
		{8ADD80BF-77C2-4C12-A13E-149163F59534}.Release|Any CPU.ActiveCfg = Release|Any CPU
		{8ADD80BF-77C2-4C12-A13E-149163F59534}.Release|Any CPU.Build.0 = Release|Any CPU
		{8272E669-3F1A-46F7-B036-DE151FD6EB3F}.Debug|Any CPU.ActiveCfg = Debug|Any CPU
		{8272E669-3F1A-46F7-B036-DE151FD6EB3F}.Debug|Any CPU.Build.0 = Debug|Any CPU
		{8272E669-3F1A-46F7-B036-DE151FD6EB3F}.Release|Any CPU.ActiveCfg = Release|Any CPU
		{8272E669-3F1A-46F7-B036-DE151FD6EB3F}.Release|Any CPU.Build.0 = Release|Any CPU
		{21B22D38-7A34-45A4-ADBB-AC0069A2C617}.Debug|Any CPU.ActiveCfg = Debug|Any CPU
		{21B22D38-7A34-45A4-ADBB-AC0069A2C617}.Debug|Any CPU.Build.0 = Debug|Any CPU
		{21B22D38-7A34-45A4-ADBB-AC0069A2C617}.Release|Any CPU.ActiveCfg = Release|Any CPU
		{21B22D38-7A34-45A4-ADBB-AC0069A2C617}.Release|Any CPU.Build.0 = Release|Any CPU
		{30EB1718-0105-4C4B-96C6-F0A2E2ADA337}.Debug|Any CPU.ActiveCfg = Debug|Any CPU
		{30EB1718-0105-4C4B-96C6-F0A2E2ADA337}.Debug|Any CPU.Build.0 = Debug|Any CPU
		{30EB1718-0105-4C4B-96C6-F0A2E2ADA337}.Release|Any CPU.ActiveCfg = Release|Any CPU
		{30EB1718-0105-4C4B-96C6-F0A2E2ADA337}.Release|Any CPU.Build.0 = Release|Any CPU
		{46B91764-586B-409E-B3FD-221D872FE2BC}.Debug|Any CPU.ActiveCfg = Debug|Any CPU
		{46B91764-586B-409E-B3FD-221D872FE2BC}.Debug|Any CPU.Build.0 = Debug|Any CPU
		{46B91764-586B-409E-B3FD-221D872FE2BC}.Release|Any CPU.ActiveCfg = Release|Any CPU
		{46B91764-586B-409E-B3FD-221D872FE2BC}.Release|Any CPU.Build.0 = Release|Any CPU
		{9DAAE7AE-C14F-4585-9A83-15EC9ABB5694}.Debug|Any CPU.ActiveCfg = Debug|Any CPU
		{9DAAE7AE-C14F-4585-9A83-15EC9ABB5694}.Debug|Any CPU.Build.0 = Debug|Any CPU
		{9DAAE7AE-C14F-4585-9A83-15EC9ABB5694}.Release|Any CPU.ActiveCfg = Release|Any CPU
		{9DAAE7AE-C14F-4585-9A83-15EC9ABB5694}.Release|Any CPU.Build.0 = Release|Any CPU
		{0D545F5F-DAB5-4219-AD45-E18313FEEC76}.Debug|Any CPU.ActiveCfg = Debug|Any CPU
		{0D545F5F-DAB5-4219-AD45-E18313FEEC76}.Debug|Any CPU.Build.0 = Debug|Any CPU
		{0D545F5F-DAB5-4219-AD45-E18313FEEC76}.Release|Any CPU.ActiveCfg = Release|Any CPU
		{0D545F5F-DAB5-4219-AD45-E18313FEEC76}.Release|Any CPU.Build.0 = Release|Any CPU
		{1CD16806-B796-4FCF-A0E2-BA0FB1492BAA}.Debug|Any CPU.ActiveCfg = Debug|Any CPU
		{1CD16806-B796-4FCF-A0E2-BA0FB1492BAA}.Debug|Any CPU.Build.0 = Debug|Any CPU
		{1CD16806-B796-4FCF-A0E2-BA0FB1492BAA}.Release|Any CPU.ActiveCfg = Release|Any CPU
		{1CD16806-B796-4FCF-A0E2-BA0FB1492BAA}.Release|Any CPU.Build.0 = Release|Any CPU
		{83D340A4-7C34-485D-8D3C-0329144062FB}.Debug|Any CPU.ActiveCfg = Debug|Any CPU
		{83D340A4-7C34-485D-8D3C-0329144062FB}.Debug|Any CPU.Build.0 = Debug|Any CPU
		{83D340A4-7C34-485D-8D3C-0329144062FB}.Release|Any CPU.ActiveCfg = Release|Any CPU
		{83D340A4-7C34-485D-8D3C-0329144062FB}.Release|Any CPU.Build.0 = Release|Any CPU
		{3B166851-C8F6-4B58-B690-0BDE9FC33433}.Debug|Any CPU.ActiveCfg = Debug|Any CPU
		{3B166851-C8F6-4B58-B690-0BDE9FC33433}.Debug|Any CPU.Build.0 = Debug|Any CPU
		{3B166851-C8F6-4B58-B690-0BDE9FC33433}.Release|Any CPU.ActiveCfg = Release|Any CPU
		{3B166851-C8F6-4B58-B690-0BDE9FC33433}.Release|Any CPU.Build.0 = Release|Any CPU
		{F8E283CB-9BE5-4C7F-80A1-BADE41683F2C}.Debug|Any CPU.ActiveCfg = Debug|Any CPU
		{F8E283CB-9BE5-4C7F-80A1-BADE41683F2C}.Debug|Any CPU.Build.0 = Debug|Any CPU
		{F8E283CB-9BE5-4C7F-80A1-BADE41683F2C}.Release|Any CPU.ActiveCfg = Release|Any CPU
		{F8E283CB-9BE5-4C7F-80A1-BADE41683F2C}.Release|Any CPU.Build.0 = Release|Any CPU
		{BED98F0F-B772-4F86-AB3A-B665607D6138}.Debug|Any CPU.ActiveCfg = Debug|Any CPU
		{BED98F0F-B772-4F86-AB3A-B665607D6138}.Debug|Any CPU.Build.0 = Debug|Any CPU
		{BED98F0F-B772-4F86-AB3A-B665607D6138}.Release|Any CPU.ActiveCfg = Release|Any CPU
		{BED98F0F-B772-4F86-AB3A-B665607D6138}.Release|Any CPU.Build.0 = Release|Any CPU
		{21F35D98-6321-4ED5-9B64-909C896EB3C9}.Debug|Any CPU.ActiveCfg = Debug|Any CPU
		{21F35D98-6321-4ED5-9B64-909C896EB3C9}.Debug|Any CPU.Build.0 = Debug|Any CPU
		{21F35D98-6321-4ED5-9B64-909C896EB3C9}.Release|Any CPU.ActiveCfg = Release|Any CPU
		{21F35D98-6321-4ED5-9B64-909C896EB3C9}.Release|Any CPU.Build.0 = Release|Any CPU
		{218B282E-CA5A-4DAA-A5F8-357AFD4E800E}.Debug|Any CPU.ActiveCfg = Debug|Any CPU
		{218B282E-CA5A-4DAA-A5F8-357AFD4E800E}.Debug|Any CPU.Build.0 = Debug|Any CPU
		{218B282E-CA5A-4DAA-A5F8-357AFD4E800E}.Release|Any CPU.ActiveCfg = Release|Any CPU
		{218B282E-CA5A-4DAA-A5F8-357AFD4E800E}.Release|Any CPU.Build.0 = Release|Any CPU
		{1755C58D-1388-48F1-ACC5-802415CB381B}.Debug|Any CPU.ActiveCfg = Debug|Any CPU
		{1755C58D-1388-48F1-ACC5-802415CB381B}.Debug|Any CPU.Build.0 = Debug|Any CPU
		{1755C58D-1388-48F1-ACC5-802415CB381B}.Release|Any CPU.ActiveCfg = Release|Any CPU
		{1755C58D-1388-48F1-ACC5-802415CB381B}.Release|Any CPU.Build.0 = Release|Any CPU
		{CBF0461C-A73C-4069-905C-5F63AA8CDD48}.Debug|Any CPU.ActiveCfg = Debug|Any CPU
		{CBF0461C-A73C-4069-905C-5F63AA8CDD48}.Debug|Any CPU.Build.0 = Debug|Any CPU
		{CBF0461C-A73C-4069-905C-5F63AA8CDD48}.Release|Any CPU.ActiveCfg = Release|Any CPU
		{CBF0461C-A73C-4069-905C-5F63AA8CDD48}.Release|Any CPU.Build.0 = Release|Any CPU
		{FED77D8C-8F47-410B-938C-AFA29C8EAAA1}.Debug|Any CPU.ActiveCfg = Debug|Any CPU
		{FED77D8C-8F47-410B-938C-AFA29C8EAAA1}.Debug|Any CPU.Build.0 = Debug|Any CPU
		{FED77D8C-8F47-410B-938C-AFA29C8EAAA1}.Release|Any CPU.ActiveCfg = Release|Any CPU
		{FED77D8C-8F47-410B-938C-AFA29C8EAAA1}.Release|Any CPU.Build.0 = Release|Any CPU
		{DA0BAA58-2ABC-4AEA-BF7E-B661CE0427E4}.Debug|Any CPU.ActiveCfg = Debug|Any CPU
		{DA0BAA58-2ABC-4AEA-BF7E-B661CE0427E4}.Debug|Any CPU.Build.0 = Debug|Any CPU
		{DA0BAA58-2ABC-4AEA-BF7E-B661CE0427E4}.Release|Any CPU.ActiveCfg = Release|Any CPU
		{DA0BAA58-2ABC-4AEA-BF7E-B661CE0427E4}.Release|Any CPU.Build.0 = Release|Any CPU
	EndGlobalSection
	GlobalSection(SolutionProperties) = preSolution
		HideSolutionNode = FALSE
	EndGlobalSection
	GlobalSection(NestedProjects) = preSolution
		{8ADD80BF-77C2-4C12-A13E-149163F59534} = {02EA681E-C7D8-13C7-8484-4AC65E1B71E8}
		{8272E669-3F1A-46F7-B036-DE151FD6EB3F} = {02EA681E-C7D8-13C7-8484-4AC65E1B71E8}
		{21B22D38-7A34-45A4-ADBB-AC0069A2C617} = {02EA681E-C7D8-13C7-8484-4AC65E1B71E8}
		{30EB1718-0105-4C4B-96C6-F0A2E2ADA337} = {CCDAEDE5-19F7-4E7C-80D3-875BACC8EB37}
		{46B91764-586B-409E-B3FD-221D872FE2BC} = {CCDAEDE5-19F7-4E7C-80D3-875BACC8EB37}
		{9DAAE7AE-C14F-4585-9A83-15EC9ABB5694} = {CCDAEDE5-19F7-4E7C-80D3-875BACC8EB37}
		{0D545F5F-DAB5-4219-AD45-E18313FEEC76} = {6AB2569A-82AB-41E0-8F5F-573059D14612}
		{1CD16806-B796-4FCF-A0E2-BA0FB1492BAA} = {6AB2569A-82AB-41E0-8F5F-573059D14612}
		{83D340A4-7C34-485D-8D3C-0329144062FB} = {6AB2569A-82AB-41E0-8F5F-573059D14612}
		{3B166851-C8F6-4B58-B690-0BDE9FC33433} = {A638EE36-F202-4F89-A4FA-C047C53AC4E8}
		{F8E283CB-9BE5-4C7F-80A1-BADE41683F2C} = {A638EE36-F202-4F89-A4FA-C047C53AC4E8}
		{BED98F0F-B772-4F86-AB3A-B665607D6138} = {A638EE36-F202-4F89-A4FA-C047C53AC4E8}
		{21F35D98-6321-4ED5-9B64-909C896EB3C9} = {8CE30784-5176-4BBF-BB57-593C9AF1CAE3}
		{218B282E-CA5A-4DAA-A5F8-357AFD4E800E} = {8CE30784-5176-4BBF-BB57-593C9AF1CAE3}
		{1755C58D-1388-48F1-ACC5-802415CB381B} = {8CE30784-5176-4BBF-BB57-593C9AF1CAE3}
		{CBF0461C-A73C-4069-905C-5F63AA8CDD48} = {C29E8C66-7F78-431E-B493-B35F378ABB90}
		{FED77D8C-8F47-410B-938C-AFA29C8EAAA1} = {C29E8C66-7F78-431E-B493-B35F378ABB90}
		{DA0BAA58-2ABC-4AEA-BF7E-B661CE0427E4} = {C29E8C66-7F78-431E-B493-B35F378ABB90}
	EndGlobalSection
	GlobalSection(ExtensibilityGlobals) = postSolution
		SolutionGuid = {AE71F6BF-E00D-44AC-8087-27B1C6ADD9D5}
	EndGlobalSection
EndGlobal
